
Microsoft Visual Studio Solution File, Format Version 12.00
# Visual Studio Version 17
VisualStudioVersion = 17.5.002.0
MinimumVisualStudioVersion = 10.0.40219.1
Project("{9A19103F-16F7-4668-BE54-9A1E7A4F7556}") = "AzureFunctionsK8s", "AzureFunctionsK8s.csproj", "{7FACFC76-F50E-485F-AA9B-FF17B4433EC4}"
EndProject
Global
	GlobalSection(SolutionConfigurationPlatforms) = preSolution
		Debug|Any CPU = Debug|Any CPU
		Release|Any CPU = Release|Any CPU
	EndGlobalSection
	GlobalSection(ProjectConfigurationPlatforms) = postSolution
		{7FACFC76-F50E-485F-AA9B-FF17B4433EC4}.Debug|Any CPU.ActiveCfg = Debug|Any CPU
		{7FACFC76-F50E-485F-AA9B-FF17B4433EC4}.Debug|Any CPU.Build.0 = Debug|Any CPU
		{7FACFC76-F50E-485F-AA9B-FF17B4433EC4}.Release|Any CPU.ActiveCfg = Release|Any CPU
		{7FACFC76-F50E-485F-AA9B-FF17B4433EC4}.Release|Any CPU.Build.0 = Release|Any CPU
	EndGlobalSection
	GlobalSection(SolutionProperties) = preSolution
		HideSolutionNode = FALSE
	EndGlobalSection
	GlobalSection(ExtensibilityGlobals) = postSolution
		SolutionGuid = {DCC2068E-0C32-4462-BEFC-06C84CDD8B30}
	EndGlobalSection
EndGlobal
